
Microsoft Visual Studio Solution File, Format Version 12.00
# Visual Studio Version 17
VisualStudioVersion = 17.10.35013.160
MinimumVisualStudioVersion = 10.0.40219.1
Project("{FAE04EC0-301F-11D3-BF4B-00C04F79EFBC}") = "Hashi (bridges)", "Hashi (bridges)\Hashi (bridges).csproj", "{18A59E27-4551-42C1-AB4B-A263CAB6B9C6}"
EndProject
Project("{FAE04EC0-301F-11D3-BF4B-00C04F79EFBC}") = "HashiLogic", "HashiLogic\HashiLogic.csproj", "{213DA8D2-C6FD-4026-B421-49C8A6B61B20}"
EndProject
Global
	GlobalSection(SolutionConfigurationPlatforms) = preSolution
		Debug|Any CPU = Debug|Any CPU
		Release|Any CPU = Release|Any CPU
	EndGlobalSection
	GlobalSection(ProjectConfigurationPlatforms) = postSolution
		{18A59E27-4551-42C1-AB4B-A263CAB6B9C6}.Debug|Any CPU.ActiveCfg = Debug|Any CPU
		{18A59E27-4551-42C1-AB4B-A263CAB6B9C6}.Debug|Any CPU.Build.0 = Debug|Any CPU
		{18A59E27-4551-42C1-AB4B-A263CAB6B9C6}.Release|Any CPU.ActiveCfg = Release|Any CPU
		{18A59E27-4551-42C1-AB4B-A263CAB6B9C6}.Release|Any CPU.Build.0 = Release|Any CPU
		{213DA8D2-C6FD-4026-B421-49C8A6B61B20}.Debug|Any CPU.ActiveCfg = Debug|Any CPU
		{213DA8D2-C6FD-4026-B421-49C8A6B61B20}.Debug|Any CPU.Build.0 = Debug|Any CPU
		{213DA8D2-C6FD-4026-B421-49C8A6B61B20}.Release|Any CPU.ActiveCfg = Release|Any CPU
		{213DA8D2-C6FD-4026-B421-49C8A6B61B20}.Release|Any CPU.Build.0 = Release|Any CPU
	EndGlobalSection
	GlobalSection(SolutionProperties) = preSolution
		HideSolutionNode = FALSE
	EndGlobalSection
	GlobalSection(ExtensibilityGlobals) = postSolution
		SolutionGuid = {9AB1E882-4290-4E9C-82BE-ACB56FA6F11F}
	EndGlobalSection
EndGlobal
